
Microsoft Visual Studio Solution File, Format Version 12.00
# Visual Studio Version 17
VisualStudioVersion = 17.0.31903.59
MinimumVisualStudioVersion = 10.0.40219.1
Project("{FAE04EC0-301F-11D3-BF4B-00C04F79EFBC}") = "InfernalHierarchy.Host", "src\InfernalHierarchy.Host\InfernalHierarchy.Host.csproj", "{A1111111-1111-1111-1111-111111111111}"
EndProject
Project("{FAE04EC0-301F-11D3-BF4B-00C04F79EFBC}") = "InfernalHierarchy.Core", "src\InfernalHierarchy.Core\InfernalHierarchy.Core.csproj", "{A2222222-2222-2222-2222-222222222222}"
EndProject
Project("{FAE04EC0-301F-11D3-BF4B-00C04F79EFBC}") = "InfernalHierarchy.Agents", "src\InfernalHierarchy.Agents\InfernalHierarchy.Agents.csproj", "{A3333333-3333-3333-3333-333333333333}"
EndProject
Project("{FAE04EC0-301F-11D3-BF4B-00C04F79EFBC}") = "InfernalHierarchy.Tools", "src\InfernalHierarchy.Tools\InfernalHierarchy.Tools.csproj", "{A4444444-4444-4444-4444-444444444444}"
EndProject
Project("{FAE04EC0-301F-11D3-BF4B-00C04F79EFBC}") = "InfernalHierarchy.Memory", "src\InfernalHierarchy.Memory\InfernalHierarchy.Memory.csproj", "{A5555555-5555-5555-5555-555555555555}"
EndProject
Project("{FAE04EC0-301F-11D3-BF4B-00C04F79EFBC}") = "InfernalHierarchy.Messaging", "src\InfernalHierarchy.Messaging\InfernalHierarchy.Messaging.csproj", "{A6666666-6666-6666-6666-666666666666}"
EndProject
Project("{FAE04EC0-301F-11D3-BF4B-00C04F79EFBC}") = "InfernalHierarchy.Personas", "src\InfernalHierarchy.Personas\InfernalHierarchy.Personas.csproj", "{A7777777-7777-7777-7777-777777777777}"
EndProject
Project("{FAE04EC0-301F-11D3-BF4B-00C04F79EFBC}") = "InfernalHierarchy.Telegram", "src\InfernalHierarchy.Telegram\InfernalHierarchy.Telegram.csproj", "{A8888888-8888-8888-8888-888888888888}"
EndProject
Project("{2150E333-8FDC-42A3-9474-1A3956D46DE8}") = "tests", "tests", "{0AB3BF05-4346-4AA6-1389-037BE0695223}"
EndProject
Project("{FAE04EC0-301F-11D3-BF4B-00C04F79EFBC}") = "InfernalHierarchy.Core.Tests", "tests\InfernalHierarchy.Core.Tests\InfernalHierarchy.Core.Tests.csproj", "{EADFCE1F-861D-45C3-87A7-9CF9D6630981}"
EndProject
Project("{2150E333-8FDC-42A3-9474-1A3956D46DE8}") = "src", "src", "{827E0CD3-B72D-47B6-A68D-7590B98EB39B}"
EndProject
Project("{FAE04EC0-301F-11D3-BF4B-00C04F79EFBC}") = "InfernalHierarchy.Agents.Tests", "tests\InfernalHierarchy.Agents.Tests\InfernalHierarchy.Agents.Tests.csproj", "{89ED58AA-018A-440A-8D7D-3944913C9583}"
EndProject
Project("{FAE04EC0-301F-11D3-BF4B-00C04F79EFBC}") = "InfernalHierarchy.Memory.Tests", "tests\InfernalHierarchy.Memory.Tests\InfernalHierarchy.Memory.Tests.csproj", "{E21BC5AD-044A-4B80-AB55-F4DAD6B7FEAD}"
EndProject
Project("{FAE04EC0-301F-11D3-BF4B-00C04F79EFBC}") = "InfernalHierarchy.Messaging.Tests", "tests\InfernalHierarchy.Messaging.Tests\InfernalHierarchy.Messaging.Tests.csproj", "{98747FD3-1E60-4952-BB2F-D33AA8912BEA}"
EndProject
Project("{FAE04EC0-301F-11D3-BF4B-00C04F79EFBC}") = "InfernalHierarchy.Personas.Tests", "tests\InfernalHierarchy.Personas.Tests\InfernalHierarchy.Personas.Tests.csproj", "{9773F8C4-72E0-4506-8610-07D7BC8B3088}"
EndProject
Project("{FAE04EC0-301F-11D3-BF4B-00C04F79EFBC}") = "InfernalHierarchy.Telegram.Tests", "tests\InfernalHierarchy.Telegram.Tests\InfernalHierarchy.Telegram.Tests.csproj", "{FA738D69-472A-4D04-9B98-485583A8DF14}"
EndProject
Project("{FAE04EC0-301F-11D3-BF4B-00C04F79EFBC}") = "InfernalHierarchy.Tools.Tests", "tests\InfernalHierarchy.Tools.Tests\InfernalHierarchy.Tools.Tests.csproj", "{871810DD-E7B7-4086-8FB3-041947FA6006}"
EndProject
Project("{FAE04EC0-301F-11D3-BF4B-00C04F79EFBC}") = "InfernalHierarchy.Host.Tests", "tests\InfernalHierarchy.Host.Tests\InfernalHierarchy.Host.Tests.csproj", "{425F7844-BB42-491D-AA42-2477BC353EF7}"
EndProject
Global
	GlobalSection(SolutionConfigurationPlatforms) = preSolution
		Debug|Any CPU = Debug|Any CPU
		Debug|x64 = Debug|x64
		Debug|x86 = Debug|x86
		Release|Any CPU = Release|Any CPU
		Release|x64 = Release|x64
		Release|x86 = Release|x86
	EndGlobalSection
	GlobalSection(ProjectConfigurationPlatforms) = postSolution
		{A1111111-1111-1111-1111-111111111111}.Debug|Any CPU.ActiveCfg = Debug|Any CPU
		{A1111111-1111-1111-1111-111111111111}.Debug|Any CPU.Build.0 = Debug|Any CPU
		{A1111111-1111-1111-1111-111111111111}.Debug|x64.ActiveCfg = Debug|Any CPU
		{A1111111-1111-1111-1111-111111111111}.Debug|x64.Build.0 = Debug|Any CPU
		{A1111111-1111-1111-1111-111111111111}.Debug|x86.ActiveCfg = Debug|Any CPU
		{A1111111-1111-1111-1111-111111111111}.Debug|x86.Build.0 = Debug|Any CPU
		{A1111111-1111-1111-1111-111111111111}.Release|Any CPU.ActiveCfg = Release|Any CPU
		{A1111111-1111-1111-1111-111111111111}.Release|Any CPU.Build.0 = Release|Any CPU
		{A1111111-1111-1111-1111-111111111111}.Release|x64.ActiveCfg = Release|Any CPU
		{A1111111-1111-1111-1111-111111111111}.Release|x64.Build.0 = Release|Any CPU
		{A1111111-1111-1111-1111-111111111111}.Release|x86.ActiveCfg = Release|Any CPU
		{A1111111-1111-1111-1111-111111111111}.Release|x86.Build.0 = Release|Any CPU
		{A2222222-2222-2222-2222-222222222222}.Debug|Any CPU.ActiveCfg = Debug|Any CPU
		{A2222222-2222-2222-2222-222222222222}.Debug|Any CPU.Build.0 = Debug|Any CPU
		{A2222222-2222-2222-2222-222222222222}.Debug|x64.ActiveCfg = Debug|Any CPU
		{A2222222-2222-2222-2222-222222222222}.Debug|x64.Build.0 = Debug|Any CPU
		{A2222222-2222-2222-2222-222222222222}.Debug|x86.ActiveCfg = Debug|Any CPU
		{A2222222-2222-2222-2222-222222222222}.Debug|x86.Build.0 = Debug|Any CPU
		{A2222222-2222-2222-2222-222222222222}.Release|Any CPU.ActiveCfg = Release|Any CPU
		{A2222222-2222-2222-2222-222222222222}.Release|Any CPU.Build.0 = Release|Any CPU
		{A2222222-2222-2222-2222-222222222222}.Release|x64.ActiveCfg = Release|Any CPU
		{A2222222-2222-2222-2222-222222222222}.Release|x64.Build.0 = Release|Any CPU
		{A2222222-2222-2222-2222-222222222222}.Release|x86.ActiveCfg = Release|Any CPU
		{A2222222-2222-2222-2222-222222222222}.Release|x86.Build.0 = Release|Any CPU
		{A3333333-3333-3333-3333-333333333333}.Debug|Any CPU.ActiveCfg = Debug|Any CPU
		{A3333333-3333-3333-3333-333333333333}.Debug|Any CPU.Build.0 = Debug|Any CPU
		{A3333333-3333-3333-3333-333333333333}.Debug|x64.ActiveCfg = Debug|Any CPU
		{A3333333-3333-3333-3333-333333333333}.Debug|x64.Build.0 = Debug|Any CPU
		{A3333333-3333-3333-3333-333333333333}.Debug|x86.ActiveCfg = Debug|Any CPU
		{A3333333-3333-3333-3333-333333333333}.Debug|x86.Build.0 = Debug|Any CPU
		{A3333333-3333-3333-3333-333333333333}.Release|Any CPU.ActiveCfg = Release|Any CPU
		{A3333333-3333-3333-3333-333333333333}.Release|Any CPU.Build.0 = Release|Any CPU
		{A3333333-3333-3333-3333-333333333333}.Release|x64.ActiveCfg = Release|Any CPU
		{A3333333-3333-3333-3333-333333333333}.Release|x64.Build.0 = Release|Any CPU
		{A3333333-3333-3333-3333-333333333333}.Release|x86.ActiveCfg = Release|Any CPU
		{A3333333-3333-3333-3333-333333333333}.Release|x86.Build.0 = Release|Any CPU
		{A4444444-4444-4444-4444-444444444444}.Debug|Any CPU.ActiveCfg = Debug|Any CPU
		{A4444444-4444-4444-4444-444444444444}.Debug|Any CPU.Build.0 = Debug|Any CPU
		{A4444444-4444-4444-4444-444444444444}.Debug|x64.ActiveCfg = Debug|Any CPU
		{A4444444-4444-4444-4444-444444444444}.Debug|x64.Build.0 = Debug|Any CPU
		{A4444444-4444-4444-4444-444444444444}.Debug|x86.ActiveCfg = Debug|Any CPU
		{A4444444-4444-4444-4444-444444444444}.Debug|x86.Build.0 = Debug|Any CPU
		{A4444444-4444-4444-4444-444444444444}.Release|Any CPU.ActiveCfg = Release|Any CPU
		{A4444444-4444-4444-4444-444444444444}.Release|Any CPU.Build.0 = Release|Any CPU
		{A4444444-4444-4444-4444-444444444444}.Release|x64.ActiveCfg = Release|Any CPU
		{A4444444-4444-4444-4444-444444444444}.Release|x64.Build.0 = Release|Any CPU
		{A4444444-4444-4444-4444-444444444444}.Release|x86.ActiveCfg = Release|Any CPU
		{A4444444-4444-4444-4444-444444444444}.Release|x86.Build.0 = Release|Any CPU
		{A5555555-5555-5555-5555-555555555555}.Debug|Any CPU.ActiveCfg = Debug|Any CPU
		{A5555555-5555-5555-5555-555555555555}.Debug|Any CPU.Build.0 = Debug|Any CPU
		{A5555555-5555-5555-5555-555555555555}.Debug|x64.ActiveCfg = Debug|Any CPU
		{A5555555-5555-5555-5555-555555555555}.Debug|x64.Build.0 = Debug|Any CPU
		{A5555555-5555-5555-5555-555555555555}.Debug|x86.ActiveCfg = Debug|Any CPU
		{A5555555-5555-5555-5555-555555555555}.Debug|x86.Build.0 = Debug|Any CPU
		{A5555555-5555-5555-5555-555555555555}.Release|Any CPU.ActiveCfg = Release|Any CPU
		{A5555555-5555-5555-5555-555555555555}.Release|Any CPU.Build.0 = Release|Any CPU
		{A5555555-5555-5555-5555-555555555555}.Release|x64.ActiveCfg = Release|Any CPU
		{A5555555-5555-5555-5555-555555555555}.Release|x64.Build.0 = Release|Any CPU
		{A5555555-5555-5555-5555-555555555555}.Release|x86.ActiveCfg = Release|Any CPU
		{A5555555-5555-5555-5555-555555555555}.Release|x86.Build.0 = Release|Any CPU
		{A6666666-6666-6666-6666-666666666666}.Debug|Any CPU.ActiveCfg = Debug|Any CPU
		{A6666666-6666-6666-6666-666666666666}.Debug|Any CPU.Build.0 = Debug|Any CPU
		{A6666666-6666-6666-6666-666666666666}.Debug|x64.ActiveCfg = Debug|Any CPU
		{A6666666-6666-6666-6666-666666666666}.Debug|x64.Build.0 = Debug|Any CPU
		{A6666666-6666-6666-6666-666666666666}.Debug|x86.ActiveCfg = Debug|Any CPU
		{A6666666-6666-6666-6666-666666666666}.Debug|x86.Build.0 = Debug|Any CPU
		{A6666666-6666-6666-6666-666666666666}.Release|Any CPU.ActiveCfg = Release|Any CPU
		{A6666666-6666-6666-6666-666666666666}.Release|Any CPU.Build.0 = Release|Any CPU
		{A6666666-6666-6666-6666-666666666666}.Release|x64.ActiveCfg = Release|Any CPU
		{A6666666-6666-6666-6666-666666666666}.Release|x64.Build.0 = Release|Any CPU
		{A6666666-6666-6666-6666-666666666666}.Release|x86.ActiveCfg = Release|Any CPU
		{A6666666-6666-6666-6666-666666666666}.Release|x86.Build.0 = Release|Any CPU
		{A7777777-7777-7777-7777-777777777777}.Debug|Any CPU.ActiveCfg = Debug|Any CPU
		{A7777777-7777-7777-7777-777777777777}.Debug|Any CPU.Build.0 = Debug|Any CPU
		{A7777777-7777-7777-7777-777777777777}.Debug|x64.ActiveCfg = Debug|Any CPU
		{A7777777-7777-7777-7777-777777777777}.Debug|x64.Build.0 = Debug|Any CPU
		{A7777777-7777-7777-7777-777777777777}.Debug|x86.ActiveCfg = Debug|Any CPU
		{A7777777-7777-7777-7777-777777777777}.Debug|x86.Build.0 = Debug|Any CPU
		{A7777777-7777-7777-7777-777777777777}.Release|Any CPU.ActiveCfg = Release|Any CPU
		{A7777777-7777-7777-7777-777777777777}.Release|Any CPU.Build.0 = Release|Any CPU
		{A7777777-7777-7777-7777-777777777777}.Release|x64.ActiveCfg = Release|Any CPU
		{A7777777-7777-7777-7777-777777777777}.Release|x64.Build.0 = Release|Any CPU
		{A7777777-7777-7777-7777-777777777777}.Release|x86.ActiveCfg = Release|Any CPU
		{A7777777-7777-7777-7777-777777777777}.Release|x86.Build.0 = Release|Any CPU
		{A8888888-8888-8888-8888-888888888888}.Debug|Any CPU.ActiveCfg = Debug|Any CPU
		{A8888888-8888-8888-8888-888888888888}.Debug|Any CPU.Build.0 = Debug|Any CPU
		{A8888888-8888-8888-8888-888888888888}.Debug|x64.ActiveCfg = Debug|Any CPU
		{A8888888-8888-8888-8888-888888888888}.Debug|x64.Build.0 = Debug|Any CPU
		{A8888888-8888-8888-8888-888888888888}.Debug|x86.ActiveCfg = Debug|Any CPU
		{A8888888-8888-8888-8888-888888888888}.Debug|x86.Build.0 = Debug|Any CPU
		{A8888888-8888-8888-8888-888888888888}.Release|Any CPU.ActiveCfg = Release|Any CPU
		{A8888888-8888-8888-8888-888888888888}.Release|Any CPU.Build.0 = Release|Any CPU
		{A8888888-8888-8888-8888-888888888888}.Release|x64.ActiveCfg = Release|Any CPU
		{A8888888-8888-8888-8888-888888888888}.Release|x64.Build.0 = Release|Any CPU
		{A8888888-8888-8888-8888-888888888888}.Release|x86.ActiveCfg = Release|Any CPU
		{A8888888-8888-8888-8888-888888888888}.Release|x86.Build.0 = Release|Any CPU
		{EADFCE1F-861D-45C3-87A7-9CF9D6630981}.Debug|Any CPU.ActiveCfg = Debug|Any CPU
		{EADFCE1F-861D-45C3-87A7-9CF9D6630981}.Debug|Any CPU.Build.0 = Debug|Any CPU
		{EADFCE1F-861D-45C3-87A7-9CF9D6630981}.Debug|x64.ActiveCfg = Debug|Any CPU
		{EADFCE1F-861D-45C3-87A7-9CF9D6630981}.Debug|x64.Build.0 = Debug|Any CPU
		{EADFCE1F-861D-45C3-87A7-9CF9D6630981}.Debug|x86.ActiveCfg = Debug|Any CPU
		{EADFCE1F-861D-45C3-87A7-9CF9D6630981}.Debug|x86.Build.0 = Debug|Any CPU
		{EADFCE1F-861D-45C3-87A7-9CF9D6630981}.Release|Any CPU.ActiveCfg = Release|Any CPU
		{EADFCE1F-861D-45C3-87A7-9CF9D6630981}.Release|Any CPU.Build.0 = Release|Any CPU
		{EADFCE1F-861D-45C3-87A7-9CF9D6630981}.Release|x64.ActiveCfg = Release|Any CPU
		{EADFCE1F-861D-45C3-87A7-9CF9D6630981}.Release|x64.Build.0 = Release|Any CPU
		{EADFCE1F-861D-45C3-87A7-9CF9D6630981}.Release|x86.ActiveCfg = Release|Any CPU
		{EADFCE1F-861D-45C3-87A7-9CF9D6630981}.Release|x86.Build.0 = Release|Any CPU
		{89ED58AA-018A-440A-8D7D-3944913C9583}.Debug|Any CPU.ActiveCfg = Debug|Any CPU
		{89ED58AA-018A-440A-8D7D-3944913C9583}.Debug|Any CPU.Build.0 = Debug|Any CPU
		{89ED58AA-018A-440A-8D7D-3944913C9583}.Debug|x64.ActiveCfg = Debug|Any CPU
		{89ED58AA-018A-440A-8D7D-3944913C9583}.Debug|x64.Build.0 = Debug|Any CPU
		{89ED58AA-018A-440A-8D7D-3944913C9583}.Debug|x86.ActiveCfg = Debug|Any CPU
		{89ED58AA-018A-440A-8D7D-3944913C9583}.Debug|x86.Build.0 = Debug|Any CPU
		{89ED58AA-018A-440A-8D7D-3944913C9583}.Release|Any CPU.ActiveCfg = Release|Any CPU
		{89ED58AA-018A-440A-8D7D-3944913C9583}.Release|Any CPU.Build.0 = Release|Any CPU
		{89ED58AA-018A-440A-8D7D-3944913C9583}.Release|x64.ActiveCfg = Release|Any CPU
		{89ED58AA-018A-440A-8D7D-3944913C9583}.Release|x64.Build.0 = Release|Any CPU
		{89ED58AA-018A-440A-8D7D-3944913C9583}.Release|x86.ActiveCfg = Release|Any CPU
		{89ED58AA-018A-440A-8D7D-3944913C9583}.Release|x86.Build.0 = Release|Any CPU
		{E21BC5AD-044A-4B80-AB55-F4DAD6B7FEAD}.Debug|Any CPU.ActiveCfg = Debug|Any CPU
		{E21BC5AD-044A-4B80-AB55-F4DAD6B7FEAD}.Debug|Any CPU.Build.0 = Debug|Any CPU
		{E21BC5AD-044A-4B80-AB55-F4DAD6B7FEAD}.Debug|x64.ActiveCfg = Debug|Any CPU
		{E21BC5AD-044A-4B80-AB55-F4DAD6B7FEAD}.Debug|x64.Build.0 = Debug|Any CPU
		{E21BC5AD-044A-4B80-AB55-F4DAD6B7FEAD}.Debug|x86.ActiveCfg = Debug|Any CPU
		{E21BC5AD-044A-4B80-AB55-F4DAD6B7FEAD}.Debug|x86.Build.0 = Debug|Any CPU
		{E21BC5AD-044A-4B80-AB55-F4DAD6B7FEAD}.Release|Any CPU.ActiveCfg = Release|Any CPU
		{E21BC5AD-044A-4B80-AB55-F4DAD6B7FEAD}.Release|Any CPU.Build.0 = Release|Any CPU
		{E21BC5AD-044A-4B80-AB55-F4DAD6B7FEAD}.Release|x64.ActiveCfg = Release|Any CPU
		{E21BC5AD-044A-4B80-AB55-F4DAD6B7FEAD}.Release|x64.Build.0 = Release|Any CPU
		{E21BC5AD-044A-4B80-AB55-F4DAD6B7FEAD}.Release|x86.ActiveCfg = Release|Any CPU
		{E21BC5AD-044A-4B80-AB55-F4DAD6B7FEAD}.Release|x86.Build.0 = Release|Any CPU
		{98747FD3-1E60-4952-BB2F-D33AA8912BEA}.Debug|Any CPU.ActiveCfg = Debug|Any CPU
		{98747FD3-1E60-4952-BB2F-D33AA8912BEA}.Debug|Any CPU.Build.0 = Debug|Any CPU
		{98747FD3-1E60-4952-BB2F-D33AA8912BEA}.Debug|x64.ActiveCfg = Debug|Any CPU
		{98747FD3-1E60-4952-BB2F-D33AA8912BEA}.Debug|x64.Build.0 = Debug|Any CPU
		{98747FD3-1E60-4952-BB2F-D33AA8912BEA}.Debug|x86.ActiveCfg = Debug|Any CPU
		{98747FD3-1E60-4952-BB2F-D33AA8912BEA}.Debug|x86.Build.0 = Debug|Any CPU
		{98747FD3-1E60-4952-BB2F-D33AA8912BEA}.Release|Any CPU.ActiveCfg = Release|Any CPU
		{98747FD3-1E60-4952-BB2F-D33AA8912BEA}.Release|Any CPU.Build.0 = Release|Any CPU
		{98747FD3-1E60-4952-BB2F-D33AA8912BEA}.Release|x64.ActiveCfg = Release|Any CPU
		{98747FD3-1E60-4952-BB2F-D33AA8912BEA}.Release|x64.Build.0 = Release|Any CPU
		{98747FD3-1E60-4952-BB2F-D33AA8912BEA}.Release|x86.ActiveCfg = Release|Any CPU
		{98747FD3-1E60-4952-BB2F-D33AA8912BEA}.Release|x86.Build.0 = Release|Any CPU
		{9773F8C4-72E0-4506-8610-07D7BC8B3088}.Debug|Any CPU.ActiveCfg = Debug|Any CPU
		{9773F8C4-72E0-4506-8610-07D7BC8B3088}.Debug|Any CPU.Build.0 = Debug|Any CPU
		{9773F8C4-72E0-4506-8610-07D7BC8B3088}.Debug|x64.ActiveCfg = Debug|Any CPU
		{9773F8C4-72E0-4506-8610-07D7BC8B3088}.Debug|x64.Build.0 = Debug|Any CPU
		{9773F8C4-72E0-4506-8610-07D7BC8B3088}.Debug|x86.ActiveCfg = Debug|Any CPU
		{9773F8C4-72E0-4506-8610-07D7BC8B3088}.Debug|x86.Build.0 = Debug|Any CPU
		{9773F8C4-72E0-4506-8610-07D7BC8B3088}.Release|Any CPU.ActiveCfg = Release|Any CPU
		{9773F8C4-72E0-4506-8610-07D7BC8B3088}.Release|Any CPU.Build.0 = Release|Any CPU
		{9773F8C4-72E0-4506-8610-07D7BC8B3088}.Release|x64.ActiveCfg = Release|Any CPU
		{9773F8C4-72E0-4506-8610-07D7BC8B3088}.Release|x64.Build.0 = Release|Any CPU
		{9773F8C4-72E0-4506-8610-07D7BC8B3088}.Release|x86.ActiveCfg = Release|Any CPU
		{9773F8C4-72E0-4506-8610-07D7BC8B3088}.Release|x86.Build.0 = Release|Any CPU
		{FA738D69-472A-4D04-9B98-485583A8DF14}.Debug|Any CPU.ActiveCfg = Debug|Any CPU
		{FA738D69-472A-4D04-9B98-485583A8DF14}.Debug|Any CPU.Build.0 = Debug|Any CPU
		{FA738D69-472A-4D04-9B98-485583A8DF14}.Debug|x64.ActiveCfg = Debug|Any CPU
		{FA738D69-472A-4D04-9B98-485583A8DF14}.Debug|x64.Build.0 = Debug|Any CPU
		{FA738D69-472A-4D04-9B98-485583A8DF14}.Debug|x86.ActiveCfg = Debug|Any CPU
		{FA738D69-472A-4D04-9B98-485583A8DF14}.Debug|x86.Build.0 = Debug|Any CPU
		{FA738D69-472A-4D04-9B98-485583A8DF14}.Release|Any CPU.ActiveCfg = Release|Any CPU
		{FA738D69-472A-4D04-9B98-485583A8DF14}.Release|Any CPU.Build.0 = Release|Any CPU
		{FA738D69-472A-4D04-9B98-485583A8DF14}.Release|x64.ActiveCfg = Release|Any CPU
		{FA738D69-472A-4D04-9B98-485583A8DF14}.Release|x64.Build.0 = Release|Any CPU
		{FA738D69-472A-4D04-9B98-485583A8DF14}.Release|x86.ActiveCfg = Release|Any CPU
		{FA738D69-472A-4D04-9B98-485583A8DF14}.Release|x86.Build.0 = Release|Any CPU
		{871810DD-E7B7-4086-8FB3-041947FA6006}.Debug|Any CPU.ActiveCfg = Debug|Any CPU
		{871810DD-E7B7-4086-8FB3-041947FA6006}.Debug|Any CPU.Build.0 = Debug|Any CPU
		{871810DD-E7B7-4086-8FB3-041947FA6006}.Debug|x64.ActiveCfg = Debug|Any CPU
		{871810DD-E7B7-4086-8FB3-041947FA6006}.Debug|x64.Build.0 = Debug|Any CPU
		{871810DD-E7B7-4086-8FB3-041947FA6006}.Debug|x86.ActiveCfg = Debug|Any CPU
		{871810DD-E7B7-4086-8FB3-041947FA6006}.Debug|x86.Build.0 = Debug|Any CPU
		{871810DD-E7B7-4086-8FB3-041947FA6006}.Release|Any CPU.ActiveCfg = Release|Any CPU
		{871810DD-E7B7-4086-8FB3-041947FA6006}.Release|Any CPU.Build.0 = Release|Any CPU
		{871810DD-E7B7-4086-8FB3-041947FA6006}.Release|x64.ActiveCfg = Release|Any CPU
		{871810DD-E7B7-4086-8FB3-041947FA6006}.Release|x64.Build.0 = Release|Any CPU
		{871810DD-E7B7-4086-8FB3-041947FA6006}.Release|x86.ActiveCfg = Release|Any CPU
		{871810DD-E7B7-4086-8FB3-041947FA6006}.Release|x86.Build.0 = Release|Any CPU
		{425F7844-BB42-491D-AA42-2477BC353EF7}.Debug|Any CPU.ActiveCfg = Debug|Any CPU
		{425F7844-BB42-491D-AA42-2477BC353EF7}.Debug|Any CPU.Build.0 = Debug|Any CPU
		{425F7844-BB42-491D-AA42-2477BC353EF7}.Debug|x64.ActiveCfg = Debug|Any CPU
		{425F7844-BB42-491D-AA42-2477BC353EF7}.Debug|x64.Build.0 = Debug|Any CPU
		{425F7844-BB42-491D-AA42-2477BC353EF7}.Debug|x86.ActiveCfg = Debug|Any CPU
		{425F7844-BB42-491D-AA42-2477BC353EF7}.Debug|x86.Build.0 = Debug|Any CPU
		{425F7844-BB42-491D-AA42-2477BC353EF7}.Release|Any CPU.ActiveCfg = Release|Any CPU
		{425F7844-BB42-491D-AA42-2477BC353EF7}.Release|Any CPU.Build.0 = Release|Any CPU
		{425F7844-BB42-491D-AA42-2477BC353EF7}.Release|x64.ActiveCfg = Release|Any CPU
		{425F7844-BB42-491D-AA42-2477BC353EF7}.Release|x64.Build.0 = Release|Any CPU
		{425F7844-BB42-491D-AA42-2477BC353EF7}.Release|x86.ActiveCfg = Release|Any CPU
		{425F7844-BB42-491D-AA42-2477BC353EF7}.Release|x86.Build.0 = Release|Any CPU
	EndGlobalSection
	GlobalSection(SolutionProperties) = preSolution
		HideSolutionNode = FALSE
	EndGlobalSection
	GlobalSection(NestedProjects) = preSolution
		{EADFCE1F-861D-45C3-87A7-9CF9D6630981} = {0AB3BF05-4346-4AA6-1389-037BE0695223}
		{89ED58AA-018A-440A-8D7D-3944913C9583} = {0AB3BF05-4346-4AA6-1389-037BE0695223}
		{E21BC5AD-044A-4B80-AB55-F4DAD6B7FEAD} = {0AB3BF05-4346-4AA6-1389-037BE0695223}
		{98747FD3-1E60-4952-BB2F-D33AA8912BEA} = {0AB3BF05-4346-4AA6-1389-037BE0695223}
		{9773F8C4-72E0-4506-8610-07D7BC8B3088} = {0AB3BF05-4346-4AA6-1389-037BE0695223}
		{FA738D69-472A-4D04-9B98-485583A8DF14} = {0AB3BF05-4346-4AA6-1389-037BE0695223}
		{871810DD-E7B7-4086-8FB3-041947FA6006} = {0AB3BF05-4346-4AA6-1389-037BE0695223}
		{425F7844-BB42-491D-AA42-2477BC353EF7} = {0AB3BF05-4346-4AA6-1389-037BE0695223}
	EndGlobalSection
EndGlobal
